
Microsoft Visual Studio Solution File, Format Version 12.00
# Visual Studio 15
VisualStudioVersion = 15.0.27130.2036
MinimumVisualStudioVersion = 10.0.40219.1
Project("{FAE04EC0-301F-11D3-BF4B-00C04F79EFBC}") = "Selialization", "Selialization\Selialization.csproj", "{C4647607-552E-4CCD-B30C-DE6CC7A47123}"
EndProject
Global
	GlobalSection(SolutionConfigurationPlatforms) = preSolution
		Debug|Any CPU = Debug|Any CPU
		Release|Any CPU = Release|Any CPU
	EndGlobalSection
	GlobalSection(ProjectConfigurationPlatforms) = postSolution
		{C4647607-552E-4CCD-B30C-DE6CC7A47123}.Debug|Any CPU.ActiveCfg = Debug|Any CPU
		{C4647607-552E-4CCD-B30C-DE6CC7A47123}.Debug|Any CPU.Build.0 = Debug|Any CPU
		{C4647607-552E-4CCD-B30C-DE6CC7A47123}.Release|Any CPU.ActiveCfg = Release|Any CPU
		{C4647607-552E-4CCD-B30C-DE6CC7A47123}.Release|Any CPU.Build.0 = Release|Any CPU
	EndGlobalSection
	GlobalSection(SolutionProperties) = preSolution
		HideSolutionNode = FALSE
	EndGlobalSection
	GlobalSection(ExtensibilityGlobals) = postSolution
		SolutionGuid = {D5FFC2D6-32C6-4C35-A546-1F08069285BC}
	EndGlobalSection
EndGlobal
